{
  "nodes": {
    "call-flake": {
      "locked": {
        "lastModified": 1685238385,
        "narHash": "sha256-VbpCBju89ccbu2hHxaPTMx90pdPwDmabiPxtnCjYz6E=",
        "owner": "divnix",
        "repo": "call-flake",
        "rev": "0dd0760bf108571ca2aeafecb2965a8b3756fa98",
        "type": "github"
      },
      "original": {
        "owner": "divnix",
        "repo": "call-flake",
        "type": "github"
      }
    },
    "devshell": {
      "inputs": {
        "flake-utils": "flake-utils",
        "nixpkgs": "nixpkgs"
      },
      "locked": {
        "lastModified": 1678957337,
        "narHash": "sha256-Gw4nVbuKRdTwPngeOZQOzH/IFowmz4LryMPDiJN/ah4=",
        "owner": "numtide",
        "repo": "devshell",
        "rev": "3e0e60ab37cd0bf7ab59888f5c32499d851edb47",
        "type": "github"
      },
      "original": {
        "owner": "numtide",
        "repo": "devshell",
        "type": "github"
      }
    },
    "flake-utils": {
      "locked": {
        "lastModified": 1642700792,
        "narHash": "sha256-XqHrk7hFb+zBvRg6Ghl+AZDq03ov6OshJLiSWOoX5es=",
        "owner": "numtide",
        "repo": "flake-utils",
        "rev": "846b2ae0fc4cc943637d3d1def4454213e203cba",
        "type": "github"
      },
      "original": {
        "owner": "numtide",
        "repo": "flake-utils",
        "type": "github"
      }
    },
    "haumea": {
      "inputs": {
        "nixpkgs": [
          "namaka",
          "nixpkgs"
        ]
      },
      "locked": {
        "lastModified": 1685133229,
        "narHash": "sha256-FePm/Gi9PBSNwiDFq3N+DWdfxFq0UKsVVTJS3cQPn94=",
        "owner": "nix-community",
        "repo": "haumea",
        "rev": "34dd58385092a23018748b50f9b23de6266dffc2",
        "type": "github"
      },
      "original": {
        "owner": "nix-community",
        "ref": "v0.2.2",
        "repo": "haumea",
        "type": "github"
      }
    },
    "namaka": {
      "inputs": {
        "haumea": "haumea",
        "nixpkgs": [
          "nixpkgs"
        ]
      },
      "locked": {
        "lastModified": 1685739139,
        "narHash": "sha256-CLGEW11Fo1v4vj0XSqiyW1EbhRZFO7dkgM43eKwItrk=",
        "owner": "nix-community",
        "repo": "namaka",
        "rev": "d9a2cc83c1d0f68bd613f1fc909d0ef2cfffcf2e",
        "type": "github"
      },
      "original": {
        "owner": "nix-community",
        "ref": "v0.2.0",
        "repo": "namaka",
        "type": "github"
      }
    },
    "nixpkgs": {
      "locked": {
        "lastModified": 1677383253,
        "narHash": "sha256-UfpzWfSxkfXHnb4boXZNaKsAcUrZT9Hw+tao1oZxd08=",
        "owner": "NixOS",
        "repo": "nixpkgs",
        "rev": "9952d6bc395f5841262b006fbace8dd7e143b634",
        "type": "github"
      },
      "original": {
        "owner": "NixOS",
        "ref": "nixpkgs-unstable",
        "repo": "nixpkgs",
        "type": "github"
      }
    },
    "nixpkgs_2": {
      "locked": {
        "lastModified": 1681571934,
        "narHash": "sha256-Q3B3HTqhTahhPCT53ahK1FPktOXlEWmudSttd9CWGbE=",
        "owner": "nixos",
        "repo": "nixpkgs",
        "rev": "29176972b4be60f7d3eb3101f696c99f2e6ada57",
        "type": "github"
      },
      "original": {
        "owner": "nixos",
        "ref": "nixpkgs-unstable",
        "repo": "nixpkgs",
        "type": "github"
      }
    },
    "nosys": {
      "locked": {
        "lastModified": 1685411599,
        "narHash": "sha256-+W6yxZXJwta1zIruKMmXwayLZvqLjRZ7L/VnQFNyRJw=",
        "owner": "divnix",
        "repo": "nosys",
        "rev": "6e168298ce2f9aa9fc6ef85ded56b07f41d90d18",
        "type": "github"
      },
      "original": {
        "owner": "divnix",
        "repo": "nosys",
        "type": "github"
      }
    },
    "root": {
      "inputs": {
        "call-flake": "call-flake",
        "devshell": "devshell",
        "namaka": "namaka",
        "nixpkgs": "nixpkgs_2",
        "nosys": "nosys"
      }
    }
  },
  "root": "root",
  "version": 7
}
