{
  "nodes": {
    "haumea": {
      "inputs": {
        "nixpkgs": [
          "nixpkgs"
        ]
      },
      "locked": {
        "lastModified": 1681176209,
        "narHash": "sha256-bJLDun6esIyWtwRVXcsgzGbh4UKu8wJDrPgykqPyzmg=",
        "owner": "nix-community",
        "repo": "haumea",
        "rev": "b915b66b27da3a595d77b139e945bb0a2fcac926",
        "type": "github"
      },
      "original": {
        "owner": "nix-community",
        "repo": "haumea",
        "type": "github"
      }
    },
    "namaka": {
      "inputs": {
        "haumea": [
          "haumea"
        ],
        "nixpkgs": "nixpkgs"
      },
      "locked": {
        "lastModified": 1681604203,
        "narHash": "sha256-oA/fW/85GmSNprghgAnZi0XeVMvW9xVuCYprzPw2hz0=",
        "owner": "nix-community",
        "repo": "namaka",
        "rev": "1550ddc025334cff2e8ec9021256473b2ffb27e5",
        "type": "github"
      },
      "original": {
        "owner": "nix-community",
        "repo": "namaka",
        "type": "github"
      }
    },
    "nixpkgs": {
      "locked": {
        "lastModified": 1680758185,
        "narHash": "sha256-sCVWwfnk7zEX8Z+OItiH+pcSklrlsLZ4TJTtnxAYREw=",
        "owner": "nixos",
        "repo": "nixpkgs",
        "rev": "0e19daa510e47a40e06257e205965f3b96ce0ac9",
        "type": "github"
      },
      "original": {
        "owner": "nixos",
        "ref": "nixos-unstable",
        "repo": "nixpkgs",
        "type": "github"
      }
    },
    "nixpkgs_2": {
      "locked": {
        "lastModified": 1681571934,
        "narHash": "sha256-Q3B3HTqhTahhPCT53ahK1FPktOXlEWmudSttd9CWGbE=",
        "owner": "nixos",
        "repo": "nixpkgs",
        "rev": "29176972b4be60f7d3eb3101f696c99f2e6ada57",
        "type": "github"
      },
      "original": {
        "owner": "nixos",
        "ref": "nixpkgs-unstable",
        "repo": "nixpkgs",
        "type": "github"
      }
    },
    "nosys": {
      "locked": {
        "lastModified": 1668010795,
        "narHash": "sha256-JBDVBnos8g0toU7EhIIqQ1If5m/nyBqtHhL3sicdPwI=",
        "owner": "divnix",
        "repo": "nosys",
        "rev": "feade0141487801c71ff55623b421ed535dbdefa",
        "type": "github"
      },
      "original": {
        "owner": "divnix",
        "repo": "nosys",
        "type": "github"
      }
    },
    "root": {
      "inputs": {
        "haumea": "haumea",
        "namaka": "namaka",
        "nixpkgs": "nixpkgs_2",
        "nosys": "nosys",
        "yants": "yants"
      }
    },
    "yants": {
      "inputs": {
        "nixpkgs": [
          "nixpkgs"
        ]
      },
      "locked": {
        "lastModified": 1677285314,
        "narHash": "sha256-hlAcg2514zKrPu8jn24BUsIjjvXvCLdw1jvKgBTpqko=",
        "owner": "divnix",
        "repo": "yants",
        "rev": "9eab24b273ce021406c852166c216b86e2bb4ec4",
        "type": "github"
      },
      "original": {
        "owner": "divnix",
        "repo": "yants",
        "type": "github"
      }
    }
  },
  "root": "root",
  "version": 7
}
